// !$*UTF8*$!
{
	archiveVersion = 1;
	classes = {
	};
	objectVersion = 50;
	objects = {

/* Begin PBXBuildFile section */
		FA1918ED2618BC6D002F2AC0 /* AppDelegate.swift in Sources */ = {isa = PBXBuildFile; fileRef = FA1918EC2618BC6D002F2AC0 /* AppDelegate.swift */; };
		FA1918EF2618BC6D002F2AC0 /* SceneDelegate.swift in Sources */ = {isa = PBXBuildFile; fileRef = FA1918EE2618BC6D002F2AC0 /* SceneDelegate.swift */; };
		FA1918F12618BC6D002F2AC0 /* DetailViewController.swift in Sources */ = {isa = PBXBuildFile; fileRef = FA1918F02618BC6D002F2AC0 /* DetailViewController.swift */; };
		FA1918F42618BC6D002F2AC0 /* Main.storyboard in Resources */ = {isa = PBXBuildFile; fileRef = FA1918F22618BC6D002F2AC0 /* Main.storyboard */; };
		FA1918F62618BC6E002F2AC0 /* Assets.xcassets in Resources */ = {isa = PBXBuildFile; fileRef = FA1918F52618BC6E002F2AC0 /* Assets.xcassets */; };
		FA1918F92618BC6E002F2AC0 /* LaunchScreen.storyboard in Resources */ = {isa = PBXBuildFile; fileRef = FA1918F72618BC6E002F2AC0 /* LaunchScreen.storyboard */; };
		FA1919062618BE94002F2AC0 /* TableViewCell.swift in Sources */ = {isa = PBXBuildFile; fileRef = FA1919052618BE94002F2AC0 /* TableViewCell.swift */; };
		FA19190A2618BEC2002F2AC0 /* TableViewController.swift in Sources */ = {isa = PBXBuildFile; fileRef = FA1919092618BEC2002F2AC0 /* TableViewController.swift */; };
		FA1919102618BEF2002F2AC0 /* Profile.swift in Sources */ = {isa = PBXBuildFile; fileRef = FA19190F2618BEF2002F2AC0 /* Profile.swift */; };
		FA1919152618BF1C002F2AC0 /* TableViewViewModelType.swift in Sources */ = {isa = PBXBuildFile; fileRef = FA1919142618BF1C002F2AC0 /* TableViewViewModelType.swift */; };
		FA1919192618BF32002F2AC0 /* DeteilViewModelType.swift in Sources */ = {isa = PBXBuildFile; fileRef = FA1919182618BF32002F2AC0 /* DeteilViewModelType.swift */; };
		FA19191C2618BF5D002F2AC0 /* TableViewCellViewModelType.swift in Sources */ = {isa = PBXBuildFile; fileRef = FA19191B2618BF5D002F2AC0 /* TableViewCellViewModelType.swift */; };
		FA1919212618BF8C002F2AC0 /* ViewModel.swift in Sources */ = {isa = PBXBuildFile; fileRef = FA1919202618BF8C002F2AC0 /* ViewModel.swift */; };
		FA1919252618BF9F002F2AC0 /* DetailViewModel.swift in Sources */ = {isa = PBXBuildFile; fileRef = FA1919242618BF9F002F2AC0 /* DetailViewModel.swift */; };
		FA1919282618BFB5002F2AC0 /* TableViewCellViewModel.swift in Sources */ = {isa = PBXBuildFile; fileRef = FA1919272618BFB5002F2AC0 /* TableViewCellViewModel.swift */; };
		FA19192B2618BFBE002F2AC0 /* Box.swift in Sources */ = {isa = PBXBuildFile; fileRef = FA19192A2618BFBE002F2AC0 /* Box.swift */; };
/* End PBXBuildFile section */

/* Begin PBXFileReference section */
		FA1918E92618BC6D002F2AC0 /* MVVM.app */ = {isa = PBXFileReference; explicitFileType = wrapper.application; includeInIndex = 0; path = MVVM.app; sourceTree = BUILT_PRODUCTS_DIR; };
		FA1918EC2618BC6D002F2AC0 /* AppDelegate.swift */ = {isa = PBXFileReference; lastKnownFileType = sourcecode.swift; path = AppDelegate.swift; sourceTree = "<group>"; };
		FA1918EE2618BC6D002F2AC0 /* SceneDelegate.swift */ = {isa = PBXFileReference; lastKnownFileType = sourcecode.swift; path = SceneDelegate.swift; sourceTree = "<group>"; };
		FA1918F02618BC6D002F2AC0 /* DetailViewController.swift */ = {isa = PBXFileReference; lastKnownFileType = sourcecode.swift; path = DetailViewController.swift; sourceTree = "<group>"; };
		FA1918F32618BC6D002F2AC0 /* Base */ = {isa = PBXFileReference; lastKnownFileType = file.storyboard; name = Base; path = Base.lproj/Main.storyboard; sourceTree = "<group>"; };
		FA1918F52618BC6E002F2AC0 /* Assets.xcassets */ = {isa = PBXFileReference; lastKnownFileType = folder.assetcatalog; path = Assets.xcassets; sourceTree = "<group>"; };
		FA1918F82618BC6E002F2AC0 /* Base */ = {isa = PBXFileReference; lastKnownFileType = file.storyboard; name = Base; path = Base.lproj/LaunchScreen.storyboard; sourceTree = "<group>"; };
		FA1918FA2618BC6E002F2AC0 /* Info.plist */ = {isa = PBXFileReference; lastKnownFileType = text.plist.xml; path = Info.plist; sourceTree = "<group>"; };
		FA1919052618BE94002F2AC0 /* TableViewCell.swift */ = {isa = PBXFileReference; lastKnownFileType = sourcecode.swift; path = TableViewCell.swift; sourceTree = "<group>"; };
		FA1919092618BEC2002F2AC0 /* TableViewController.swift */ = {isa = PBXFileReference; lastKnownFileType = sourcecode.swift; path = TableViewController.swift; sourceTree = "<group>"; };
		FA19190F2618BEF2002F2AC0 /* Profile.swift */ = {isa = PBXFileReference; lastKnownFileType = sourcecode.swift; path = Profile.swift; sourceTree = "<group>"; };
		FA1919142618BF1C002F2AC0 /* TableViewViewModelType.swift */ = {isa = PBXFileReference; lastKnownFileType = sourcecode.swift; path = TableViewViewModelType.swift; sourceTree = "<group>"; };
		FA1919182618BF32002F2AC0 /* DeteilViewModelType.swift */ = {isa = PBXFileReference; lastKnownFileType = sourcecode.swift; path = DeteilViewModelType.swift; sourceTree = "<group>"; };
		FA19191B2618BF5D002F2AC0 /* TableViewCellViewModelType.swift */ = {isa = PBXFileReference; lastKnownFileType = sourcecode.swift; path = TableViewCellViewModelType.swift; sourceTree = "<group>"; };
		FA1919202618BF8C002F2AC0 /* ViewModel.swift */ = {isa = PBXFileReference; lastKnownFileType = sourcecode.swift; path = ViewModel.swift; sourceTree = "<group>"; };
		FA1919242618BF9F002F2AC0 /* DetailViewModel.swift */ = {isa = PBXFileReference; lastKnownFileType = sourcecode.swift; path = DetailViewModel.swift; sourceTree = "<group>"; };
		FA1919272618BFB5002F2AC0 /* TableViewCellViewModel.swift */ = {isa = PBXFileReference; lastKnownFileType = sourcecode.swift; path = TableViewCellViewModel.swift; sourceTree = "<group>"; };
		FA19192A2618BFBE002F2AC0 /* Box.swift */ = {isa = PBXFileReference; lastKnownFileType = sourcecode.swift; path = Box.swift; sourceTree = "<group>"; };
/* End PBXFileReference section */

/* Begin PBXFrameworksBuildPhase section */
		FA1918E62618BC6D002F2AC0 /* Frameworks */ = {
			isa = PBXFrameworksBuildPhase;
			buildActionMask = 2147483647;
			files = (
			);
			runOnlyForDeploymentPostprocessing = 0;
		};
/* End PBXFrameworksBuildPhase section */

/* Begin PBXGroup section */
		FA1918E02618BC6D002F2AC0 = {
			isa = PBXGroup;
			children = (
				FA1918EB2618BC6D002F2AC0 /* MVVM */,
				FA1918EA2618BC6D002F2AC0 /* Products */,
			);
			sourceTree = "<group>";
		};
		FA1918EA2618BC6D002F2AC0 /* Products */ = {
			isa = PBXGroup;
			children = (
				FA1918E92618BC6D002F2AC0 /* MVVM.app */,
			);
			name = Products;
			sourceTree = "<group>";
		};
		FA1918EB2618BC6D002F2AC0 /* MVVM */ = {
			isa = PBXGroup;
			children = (
				FA1918EC2618BC6D002F2AC0 /* AppDelegate.swift */,
				FA1918EE2618BC6D002F2AC0 /* SceneDelegate.swift */,
				FA19192A2618BFBE002F2AC0 /* Box.swift */,
				FA19191E2618BF68002F2AC0 /* ViewModel */,
				FA1919132618BEF6002F2AC0 /* Protocols */,
				FA19190E2618BEE0002F2AC0 /* Model */,
				FA1919022618BE4A002F2AC0 /* View */,
				FA1918F22618BC6D002F2AC0 /* Main.storyboard */,
				FA1918F52618BC6E002F2AC0 /* Assets.xcassets */,
				FA1918F72618BC6E002F2AC0 /* LaunchScreen.storyboard */,
				FA1918FA2618BC6E002F2AC0 /* Info.plist */,
			);
			path = MVVM;
			sourceTree = "<group>";
		};
		FA1919022618BE4A002F2AC0 /* View */ = {
			isa = PBXGroup;
			children = (
				FA1919092618BEC2002F2AC0 /* TableViewController.swift */,
				FA1918F02618BC6D002F2AC0 /* DetailViewController.swift */,
				FA1919052618BE94002F2AC0 /* TableViewCell.swift */,
			);
			path = View;
			sourceTree = "<group>";
		};
		FA19190E2618BEE0002F2AC0 /* Model */ = {
			isa = PBXGroup;
			children = (
				FA19190F2618BEF2002F2AC0 /* Profile.swift */,
			);
			path = Model;
			sourceTree = "<group>";
		};
		FA1919132618BEF6002F2AC0 /* Protocols */ = {
			isa = PBXGroup;
			children = (
				FA1919142618BF1C002F2AC0 /* TableViewViewModelType.swift */,
				FA1919182618BF32002F2AC0 /* DeteilViewModelType.swift */,
				FA19191B2618BF5D002F2AC0 /* TableViewCellViewModelType.swift */,
			);
			path = Protocols;
			sourceTree = "<group>";
		};
		FA19191E2618BF68002F2AC0 /* ViewModel */ = {
			isa = PBXGroup;
			children = (
				FA1919202618BF8C002F2AC0 /* ViewModel.swift */,
				FA1919242618BF9F002F2AC0 /* DetailViewModel.swift */,
				FA1919272618BFB5002F2AC0 /* TableViewCellViewModel.swift */,
			);
			path = ViewModel;
			sourceTree = "<group>";
		};
/* End PBXGroup section */

/* Begin PBXNativeTarget section */
		FA1918E82618BC6D002F2AC0 /* MVVM */ = {
			isa = PBXNativeTarget;
			buildConfigurationList = FA1918FD2618BC6E002F2AC0 /* Build configuration list for PBXNativeTarget "MVVM" */;
			buildPhases = (
				FA1918E52618BC6D002F2AC0 /* Sources */,
				FA1918E62618BC6D002F2AC0 /* Frameworks */,
				FA1918E72618BC6D002F2AC0 /* Resources */,
			);
			buildRules = (
			);
			dependencies = (
			);
			name = MVVM;
			productName = MVVM;
			productReference = FA1918E92618BC6D002F2AC0 /* MVVM.app */;
			productType = "com.apple.product-type.application";
		};
/* End PBXNativeTarget section */

/* Begin PBXProject section */
		FA1918E12618BC6D002F2AC0 /* Project object */ = {
			isa = PBXProject;
			attributes = {
				LastSwiftUpdateCheck = 1240;
				LastUpgradeCheck = 1240;
				TargetAttributes = {
					FA1918E82618BC6D002F2AC0 = {
						CreatedOnToolsVersion = 12.4;
					};
				};
			};
			buildConfigurationList = FA1918E42618BC6D002F2AC0 /* Build configuration list for PBXProject "MVVM" */;
			compatibilityVersion = "Xcode 9.3";
			developmentRegion = en;
			hasScannedForEncodings = 0;
			knownRegions = (
				en,
				Base,
			);
			mainGroup = FA1918E02618BC6D002F2AC0;
			productRefGroup = FA1918EA2618BC6D002F2AC0 /* Products */;
			projectDirPath = "";
			projectRoot = "";
			targets = (
				FA1918E82618BC6D002F2AC0 /* MVVM */,
			);
		};
/* End PBXProject section */

/* Begin PBXResourcesBuildPhase section */
		FA1918E72618BC6D002F2AC0 /* Resources */ = {
			isa = PBXResourcesBuildPhase;
			buildActionMask = 2147483647;
			files = (
				FA1918F92618BC6E002F2AC0 /* LaunchScreen.storyboard in Resources */,
				FA1918F62618BC6E002F2AC0 /* Assets.xcassets in Resources */,
				FA1918F42618BC6D002F2AC0 /* Main.storyboard in Resources */,
			);
			runOnlyForDeploymentPostprocessing = 0;
		};
/* End PBXResourcesBuildPhase section */

/* Begin PBXSourcesBuildPhase section */
		FA1918E52618BC6D002F2AC0 /* Sources */ = {
			isa = PBXSourcesBuildPhase;
			buildActionMask = 2147483647;
			files = (
				FA1919212618BF8C002F2AC0 /* ViewModel.swift in Sources */,
				FA1918F12618BC6D002F2AC0 /* DetailViewController.swift in Sources */,
				FA1919192618BF32002F2AC0 /* DeteilViewModelType.swift in Sources */,
				FA1919102618BEF2002F2AC0 /* Profile.swift in Sources */,
				FA1919062618BE94002F2AC0 /* TableViewCell.swift in Sources */,
				FA1918ED2618BC6D002F2AC0 /* AppDelegate.swift in Sources */,
				FA19192B2618BFBE002F2AC0 /* Box.swift in Sources */,
				FA1919282618BFB5002F2AC0 /* TableViewCellViewModel.swift in Sources */,
				FA19190A2618BEC2002F2AC0 /* TableViewController.swift in Sources */,
				FA1919152618BF1C002F2AC0 /* TableViewViewModelType.swift in Sources */,
				FA19191C2618BF5D002F2AC0 /* TableViewCellViewModelType.swift in Sources */,
				FA1919252618BF9F002F2AC0 /* DetailViewModel.swift in Sources */,
				FA1918EF2618BC6D002F2AC0 /* SceneDelegate.swift in Sources */,
			);
			runOnlyForDeploymentPostprocessing = 0;
		};
/* End PBXSourcesBuildPhase section */

/* Begin PBXVariantGroup section */
		FA1918F22618BC6D002F2AC0 /* Main.storyboard */ = {
			isa = PBXVariantGroup;
			children = (
				FA1918F32618BC6D002F2AC0 /* Base */,
			);
			name = Main.storyboard;
			sourceTree = "<group>";
		};
		FA1918F72618BC6E002F2AC0 /* LaunchScreen.storyboard */ = {
			isa = PBXVariantGroup;
			children = (
				FA1918F82618BC6E002F2AC0 /* Base */,
			);
			name = LaunchScreen.storyboard;
			sourceTree = "<group>";
		};
/* End PBXVariantGroup section */

/* Begin XCBuildConfiguration section */
		FA1918FB2618BC6E002F2AC0 /* Debug */ = {
			isa = XCBuildConfiguration;
			buildSettings = {
				ALWAYS_SEARCH_USER_PATHS = NO;
				CLANG_ANALYZER_NONNULL = YES;
				CLANG_ANALYZER_NUMBER_OBJECT_CONVERSION = YES_AGGRESSIVE;
				CLANG_CXX_LANGUAGE_STANDARD = "gnu++14";
				CLANG_CXX_LIBRARY = "libc++";
				CLANG_ENABLE_MODULES = YES;
				CLANG_ENABLE_OBJC_ARC = YES;
				CLANG_ENABLE_OBJC_WEAK = YES;
				CLANG_WARN_BLOCK_CAPTURE_AUTORELEASING = YES;
				CLANG_WARN_BOOL_CONVERSION = YES;
				CLANG_WARN_COMMA = YES;
				CLANG_WARN_CONSTANT_CONVERSION = YES;
				CLANG_WARN_DEPRECATED_OBJC_IMPLEMENTATIONS = YES;
				CLANG_WARN_DIRECT_OBJC_ISA_USAGE = YES_ERROR;
				CLANG_WARN_DOCUMENTATION_COMMENTS = YES;
				CLANG_WARN_EMPTY_BODY = YES;
				CLANG_WARN_ENUM_CONVERSION = YES;
				CLANG_WARN_INFINITE_RECURSION = YES;
				CLANG_WARN_INT_CONVERSION = YES;
				CLANG_WARN_NON_LITERAL_NULL_CONVERSION = YES;
				CLANG_WARN_OBJC_IMPLICIT_RETAIN_SELF = YES;
				CLANG_WARN_OBJC_LITERAL_CONVERSION = YES;
				CLANG_WARN_OBJC_ROOT_CLASS = YES_ERROR;
				CLANG_WARN_QUOTED_INCLUDE_IN_FRAMEWORK_HEADER = YES;
				CLANG_WARN_RANGE_LOOP_ANALYSIS = YES;
				CLANG_WARN_STRICT_PROTOTYPES = YES;
				CLANG_WARN_SUSPICIOUS_MOVE = YES;
				CLANG_WARN_UNGUARDED_AVAILABILITY = YES_AGGRESSIVE;
				CLANG_WARN_UNREACHABLE_CODE = YES;
				CLANG_WARN__DUPLICATE_METHOD_MATCH = YES;
				COPY_PHASE_STRIP = NO;
				DEBUG_INFORMATION_FORMAT = dwarf;
				ENABLE_STRICT_OBJC_MSGSEND = YES;
				ENABLE_TESTABILITY = YES;
				GCC_C_LANGUAGE_STANDARD = gnu11;
				GCC_DYNAMIC_NO_PIC = NO;
				GCC_NO_COMMON_BLOCKS = YES;
				GCC_OPTIMIZATION_LEVEL = 0;
				GCC_PREPROCESSOR_DEFINITIONS = (
					"DEBUG=1",
					"$(inherited)",
				);
				GCC_WARN_64_TO_32_BIT_CONVERSION = YES;
				GCC_WARN_ABOUT_RETURN_TYPE = YES_ERROR;
				GCC_WARN_UNDECLARED_SELECTOR = YES;
				GCC_WARN_UNINITIALIZED_AUTOS = YES_AGGRESSIVE;
				GCC_WARN_UNUSED_FUNCTION = YES;
				GCC_WARN_UNUSED_VARIABLE = YES;
				IPHONEOS_DEPLOYMENT_TARGET = 14.4;
				MTL_ENABLE_DEBUG_INFO = INCLUDE_SOURCE;
				MTL_FAST_MATH = YES;
				ONLY_ACTIVE_ARCH = YES;
				SDKROOT = iphoneos;
				SWIFT_ACTIVE_COMPILATION_CONDITIONS = DEBUG;
				SWIFT_OPTIMIZATION_LEVEL = "-Onone";
			};
			name = Debug;
		};
		FA1918FC2618BC6E002F2AC0 /* Release */ = {
			isa = XCBuildConfiguration;
			buildSettings = {
				ALWAYS_SEARCH_USER_PATHS = NO;
				CLANG_ANALYZER_NONNULL = YES;
				CLANG_ANALYZER_NUMBER_OBJECT_CONVERSION = YES_AGGRESSIVE;
				CLANG_CXX_LANGUAGE_STANDARD = "gnu++14";
				CLANG_CXX_LIBRARY = "libc++";
				CLANG_ENABLE_MODULES = YES;
				CLANG_ENABLE_OBJC_ARC = YES;
				CLANG_ENABLE_OBJC_WEAK = YES;
				CLANG_WARN_BLOCK_CAPTURE_AUTORELEASING = YES;
				CLANG_WARN_BOOL_CONVERSION = YES;
				CLANG_WARN_COMMA = YES;
				CLANG_WARN_CONSTANT_CONVERSION = YES;
				CLANG_WARN_DEPRECATED_OBJC_IMPLEMENTATIONS = YES;
				CLANG_WARN_DIRECT_OBJC_ISA_USAGE = YES_ERROR;
				CLANG_WARN_DOCUMENTATION_COMMENTS = YES;
				CLANG_WARN_EMPTY_BODY = YES;
				CLANG_WARN_ENUM_CONVERSION = YES;
				CLANG_WARN_INFINITE_RECURSION = YES;
				CLANG_WARN_INT_CONVERSION = YES;
				CLANG_WARN_NON_LITERAL_NULL_CONVERSION = YES;
				CLANG_WARN_OBJC_IMPLICIT_RETAIN_SELF = YES;
				CLANG_WARN_OBJC_LITERAL_CONVERSION = YES;
				CLANG_WARN_OBJC_ROOT_CLASS = YES_ERROR;
				CLANG_WARN_QUOTED_INCLUDE_IN_FRAMEWORK_HEADER = YES;
				CLANG_WARN_RANGE_LOOP_ANALYSIS = YES;
				CLANG_WARN_STRICT_PROTOTYPES = YES;
				CLANG_WARN_SUSPICIOUS_MOVE = YES;
				CLANG_WARN_UNGUARDED_AVAILABILITY = YES_AGGRESSIVE;
				CLANG_WARN_UNREACHABLE_CODE = YES;
				CLANG_WARN__DUPLICATE_METHOD_MATCH = YES;
				COPY_PHASE_STRIP = NO;
				DEBUG_INFORMATION_FORMAT = "dwarf-with-dsym";
				ENABLE_NS_ASSERTIONS = NO;
				ENABLE_STRICT_OBJC_MSGSEND = YES;
				GCC_C_LANGUAGE_STANDARD = gnu11;
				GCC_NO_COMMON_BLOCKS = YES;
				GCC_WARN_64_TO_32_BIT_CONVERSION = YES;
				GCC_WARN_ABOUT_RETURN_TYPE = YES_ERROR;
				GCC_WARN_UNDECLARED_SELECTOR = YES;
				GCC_WARN_UNINITIALIZED_AUTOS = YES_AGGRESSIVE;
				GCC_WARN_UNUSED_FUNCTION = YES;
				GCC_WARN_UNUSED_VARIABLE = YES;
				IPHONEOS_DEPLOYMENT_TARGET = 14.4;
				MTL_ENABLE_DEBUG_INFO = NO;
				MTL_FAST_MATH = YES;
				SDKROOT = iphoneos;
				SWIFT_COMPILATION_MODE = wholemodule;
				SWIFT_OPTIMIZATION_LEVEL = "-O";
				VALIDATE_PRODUCT = YES;
			};
			name = Release;
		};
		FA1918FE2618BC6E002F2AC0 /* Debug */ = {
			isa = XCBuildConfiguration;
			buildSettings = {
				ASSETCATALOG_COMPILER_APPICON_NAME = AppIcon;
				ASSETCATALOG_COMPILER_GLOBAL_ACCENT_COLOR_NAME = AccentColor;
				CODE_SIGN_STYLE = Automatic;
				DEVELOPMENT_TEAM = DVB9G9N66S;
				INFOPLIST_FILE = MVVM/Info.plist;
				LD_RUNPATH_SEARCH_PATHS = (
					"$(inherited)",
					"@executable_path/Frameworks",
				);
				PRODUCT_BUNDLE_IDENTIFIER = tarranttino.MVVM;
				PRODUCT_NAME = "$(TARGET_NAME)";
				SWIFT_VERSION = 5.0;
				TARGETED_DEVICE_FAMILY = "1,2";
			};
			name = Debug;
		};
		FA1918FF2618BC6E002F2AC0 /* Release */ = {
			isa = XCBuildConfiguration;
			buildSettings = {
				ASSETCATALOG_COMPILER_APPICON_NAME = AppIcon;
				ASSETCATALOG_COMPILER_GLOBAL_ACCENT_COLOR_NAME = AccentColor;
				CODE_SIGN_STYLE = Automatic;
				DEVELOPMENT_TEAM = DVB9G9N66S;
				INFOPLIST_FILE = MVVM/Info.plist;
				LD_RUNPATH_SEARCH_PATHS = (
					"$(inherited)",
					"@executable_path/Frameworks",
				);
				PRODUCT_BUNDLE_IDENTIFIER = tarranttino.MVVM;
				PRODUCT_NAME = "$(TARGET_NAME)";
				SWIFT_VERSION = 5.0;
				TARGETED_DEVICE_FAMILY = "1,2";
			};
			name = Release;
		};
/* End XCBuildConfiguration section */

/* Begin XCConfigurationList section */
		FA1918E42618BC6D002F2AC0 /* Build configuration list for PBXProject "MVVM" */ = {
			isa = XCConfigurationList;
			buildConfigurations = (
				FA1918FB2618BC6E002F2AC0 /* Debug */,
				FA1918FC2618BC6E002F2AC0 /* Release */,
			);
			defaultConfigurationIsVisible = 0;
			defaultConfigurationName = Release;
		};
		FA1918FD2618BC6E002F2AC0 /* Build configuration list for PBXNativeTarget "MVVM" */ = {
			isa = XCConfigurationList;
			buildConfigurations = (
				FA1918FE2618BC6E002F2AC0 /* Debug */,
				FA1918FF2618BC6E002F2AC0 /* Release */,
			);
			defaultConfigurationIsVisible = 0;
			defaultConfigurationName = Release;
		};
/* End XCConfigurationList section */
	};
	rootObject = FA1918E12618BC6D002F2AC0 /* Project object */;
}
